
Microsoft Visual Studio Solution File, Format Version 12.00
# Visual Studio Version 17
VisualStudioVersion = 17.2.32616.157
MinimumVisualStudioVersion = 10.0.40219.1
Project("{FAE04EC0-301F-11D3-BF4B-00C04F79EFBC}") = "OkulNotSistemi", "OkulNotSistemi\OkulNotSistemi.csproj", "{0F64682E-2BC3-424C-A777-376E8385C0CA}"
EndProject
Global
	GlobalSection(SolutionConfigurationPlatforms) = preSolution
		Debug|Any CPU = Debug|Any CPU
		Release|Any CPU = Release|Any CPU
	EndGlobalSection
	GlobalSection(ProjectConfigurationPlatforms) = postSolution
		{0F64682E-2BC3-424C-A777-376E8385C0CA}.Debug|Any CPU.ActiveCfg = Debug|Any CPU
		{0F64682E-2BC3-424C-A777-376E8385C0CA}.Debug|Any CPU.Build.0 = Debug|Any CPU
		{0F64682E-2BC3-424C-A777-376E8385C0CA}.Release|Any CPU.ActiveCfg = Release|Any CPU
		{0F64682E-2BC3-424C-A777-376E8385C0CA}.Release|Any CPU.Build.0 = Release|Any CPU
	EndGlobalSection
	GlobalSection(SolutionProperties) = preSolution
		HideSolutionNode = FALSE
	EndGlobalSection
	GlobalSection(ExtensibilityGlobals) = postSolution
		SolutionGuid = {192E3ABD-B619-410D-B737-47B92D5DFF4D}
	EndGlobalSection
EndGlobal
